
Microsoft Visual Studio Solution File, Format Version 12.00
# Visual Studio Version 16
VisualStudioVersion = 16.0.31605.320
MinimumVisualStudioVersion = 10.0.40219.1
Project("{FAE04EC0-301F-11D3-BF4B-00C04F79EFBC}") = "HospitalApp", "HospitalApp.csproj", "{12FA9E44-7DAA-4FB9-B79F-FCDD427BF4B5}"
EndProject
Global
	GlobalSection(SolutionConfigurationPlatforms) = preSolution
		Debug|Any CPU = Debug|Any CPU
		Release|Any CPU = Release|Any CPU
	EndGlobalSection
	GlobalSection(ProjectConfigurationPlatforms) = postSolution
		{12FA9E44-7DAA-4FB9-B79F-FCDD427BF4B5}.Debug|Any CPU.ActiveCfg = Debug|Any CPU
		{12FA9E44-7DAA-4FB9-B79F-FCDD427BF4B5}.Debug|Any CPU.Build.0 = Debug|Any CPU
		{12FA9E44-7DAA-4FB9-B79F-FCDD427BF4B5}.Release|Any CPU.ActiveCfg = Release|Any CPU
		{12FA9E44-7DAA-4FB9-B79F-FCDD427BF4B5}.Release|Any CPU.Build.0 = Release|Any CPU
	EndGlobalSection
	GlobalSection(SolutionProperties) = preSolution
		HideSolutionNode = FALSE
	EndGlobalSection
	GlobalSection(ExtensibilityGlobals) = postSolution
		SolutionGuid = {66F93A74-F859-4430-B53A-D897AE0ACDFA}
	EndGlobalSection
EndGlobal
